
Microsoft Visual Studio Solution File, Format Version 12.00
# Visual Studio Version 17
VisualStudioVersion = 17.5.33209.295
MinimumVisualStudioVersion = 10.0.40219.1
Project("{8BC9CEB8-8B4A-11D0-8D11-00A0C91BC942}") = "RetroArch-msvc2019-UWP", "RetroArch-msvc2019-UWP\RetroArch-msvc2019-UWP.vcxproj", "{F5E937B6-1BA0-4446-B94B-F3BBDEF908F4}"
EndProject
Global
	GlobalSection(SolutionConfigurationPlatforms) = preSolution
		ReleaseANGLE 14393 D3D|Any CPU = ReleaseANGLE 14393 D3D|Any CPU
		ReleaseANGLE 14393 D3D|ARM = ReleaseANGLE 14393 D3D|ARM
		ReleaseANGLE 14393 D3D|ARM64 = ReleaseANGLE 14393 D3D|ARM64
		ReleaseANGLE 14393 D3D|x64 = ReleaseANGLE 14393 D3D|x64
		ReleaseANGLE 14393 D3D|x86 = ReleaseANGLE 14393 D3D|x86
		ReleaseANGLE Legacy|Any CPU = ReleaseANGLE Legacy|Any CPU
		ReleaseANGLE Legacy|ARM = ReleaseANGLE Legacy|ARM
		ReleaseANGLE Legacy|ARM64 = ReleaseANGLE Legacy|ARM64
		ReleaseANGLE Legacy|x64 = ReleaseANGLE Legacy|x64
		ReleaseANGLE Legacy|x86 = ReleaseANGLE Legacy|x86
		ReleaseANGLE|Any CPU = ReleaseANGLE|Any CPU
		ReleaseANGLE|ARM = ReleaseANGLE|ARM
		ReleaseANGLE|ARM64 = ReleaseANGLE|ARM64
		ReleaseANGLE|x64 = ReleaseANGLE|x64
		ReleaseANGLE|x86 = ReleaseANGLE|x86
	EndGlobalSection
	GlobalSection(ProjectConfigurationPlatforms) = postSolution
		{F5E937B6-1BA0-4446-B94B-F3BBDEF908F4}.ReleaseANGLE 14393 D3D|Any CPU.ActiveCfg = ReleaseANGLE 14393 D3D|x64
		{F5E937B6-1BA0-4446-B94B-F3BBDEF908F4}.ReleaseANGLE 14393 D3D|Any CPU.Build.0 = ReleaseANGLE 14393 D3D|x64
		{F5E937B6-1BA0-4446-B94B-F3BBDEF908F4}.ReleaseANGLE 14393 D3D|Any CPU.Deploy.0 = ReleaseANGLE 14393 D3D|x64
		{F5E937B6-1BA0-4446-B94B-F3BBDEF908F4}.ReleaseANGLE 14393 D3D|ARM.ActiveCfg = ReleaseANGLE 14393 D3D|ARM
		{F5E937B6-1BA0-4446-B94B-F3BBDEF908F4}.ReleaseANGLE 14393 D3D|ARM.Build.0 = ReleaseANGLE 14393 D3D|ARM
		{F5E937B6-1BA0-4446-B94B-F3BBDEF908F4}.ReleaseANGLE 14393 D3D|ARM.Deploy.0 = ReleaseANGLE 14393 D3D|ARM
		{F5E937B6-1BA0-4446-B94B-F3BBDEF908F4}.ReleaseANGLE 14393 D3D|ARM64.ActiveCfg = ReleaseANGLE 14393 D3D|ARM64
		{F5E937B6-1BA0-4446-B94B-F3BBDEF908F4}.ReleaseANGLE 14393 D3D|ARM64.Build.0 = ReleaseANGLE 14393 D3D|ARM64
		{F5E937B6-1BA0-4446-B94B-F3BBDEF908F4}.ReleaseANGLE 14393 D3D|ARM64.Deploy.0 = ReleaseANGLE 14393 D3D|ARM64
		{F5E937B6-1BA0-4446-B94B-F3BBDEF908F4}.ReleaseANGLE 14393 D3D|x64.ActiveCfg = ReleaseANGLE 14393 D3D|x64
		{F5E937B6-1BA0-4446-B94B-F3BBDEF908F4}.ReleaseANGLE 14393 D3D|x64.Build.0 = ReleaseANGLE 14393 D3D|x64
		{F5E937B6-1BA0-4446-B94B-F3BBDEF908F4}.ReleaseANGLE 14393 D3D|x64.Deploy.0 = ReleaseANGLE 14393 D3D|x64
		{F5E937B6-1BA0-4446-B94B-F3BBDEF908F4}.ReleaseANGLE 14393 D3D|x86.ActiveCfg = ReleaseANGLE 14393 D3D|Win32
		{F5E937B6-1BA0-4446-B94B-F3BBDEF908F4}.ReleaseANGLE 14393 D3D|x86.Build.0 = ReleaseANGLE 14393 D3D|Win32
		{F5E937B6-1BA0-4446-B94B-F3BBDEF908F4}.ReleaseANGLE 14393 D3D|x86.Deploy.0 = ReleaseANGLE 14393 D3D|Win32
		{F5E937B6-1BA0-4446-B94B-F3BBDEF908F4}.ReleaseANGLE Legacy|Any CPU.ActiveCfg = ReleaseANGLE Legacy|x64
		{F5E937B6-1BA0-4446-B94B-F3BBDEF908F4}.ReleaseANGLE Legacy|Any CPU.Build.0 = ReleaseANGLE Legacy|x64
		{F5E937B6-1BA0-4446-B94B-F3BBDEF908F4}.ReleaseANGLE Legacy|Any CPU.Deploy.0 = ReleaseANGLE Legacy|x64
		{F5E937B6-1BA0-4446-B94B-F3BBDEF908F4}.ReleaseANGLE Legacy|ARM.ActiveCfg = ReleaseANGLE Legacy|ARM
		{F5E937B6-1BA0-4446-B94B-F3BBDEF908F4}.ReleaseANGLE Legacy|ARM.Build.0 = ReleaseANGLE Legacy|ARM
		{F5E937B6-1BA0-4446-B94B-F3BBDEF908F4}.ReleaseANGLE Legacy|ARM.Deploy.0 = ReleaseANGLE Legacy|ARM
		{F5E937B6-1BA0-4446-B94B-F3BBDEF908F4}.ReleaseANGLE Legacy|ARM64.ActiveCfg = ReleaseANGLE Legacy|ARM64
		{F5E937B6-1BA0-4446-B94B-F3BBDEF908F4}.ReleaseANGLE Legacy|ARM64.Build.0 = ReleaseANGLE Legacy|ARM64
		{F5E937B6-1BA0-4446-B94B-F3BBDEF908F4}.ReleaseANGLE Legacy|ARM64.Deploy.0 = ReleaseANGLE Legacy|ARM64
		{F5E937B6-1BA0-4446-B94B-F3BBDEF908F4}.ReleaseANGLE Legacy|x64.ActiveCfg = ReleaseANGLE Legacy|x64
		{F5E937B6-1BA0-4446-B94B-F3BBDEF908F4}.ReleaseANGLE Legacy|x64.Build.0 = ReleaseANGLE Legacy|x64
		{F5E937B6-1BA0-4446-B94B-F3BBDEF908F4}.ReleaseANGLE Legacy|x64.Deploy.0 = ReleaseANGLE Legacy|x64
		{F5E937B6-1BA0-4446-B94B-F3BBDEF908F4}.ReleaseANGLE Legacy|x86.ActiveCfg = ReleaseANGLE Legacy|Win32
		{F5E937B6-1BA0-4446-B94B-F3BBDEF908F4}.ReleaseANGLE Legacy|x86.Build.0 = ReleaseANGLE Legacy|Win32
		{F5E937B6-1BA0-4446-B94B-F3BBDEF908F4}.ReleaseANGLE Legacy|x86.Deploy.0 = ReleaseANGLE Legacy|Win32
		{F5E937B6-1BA0-4446-B94B-F3BBDEF908F4}.ReleaseANGLE|Any CPU.ActiveCfg = ReleaseANGLE|Win32
		{F5E937B6-1BA0-4446-B94B-F3BBDEF908F4}.ReleaseANGLE|ARM.ActiveCfg = ReleaseANGLE|ARM
		{F5E937B6-1BA0-4446-B94B-F3BBDEF908F4}.ReleaseANGLE|ARM.Build.0 = ReleaseANGLE|ARM
		{F5E937B6-1BA0-4446-B94B-F3BBDEF908F4}.ReleaseANGLE|ARM.Deploy.0 = ReleaseANGLE|ARM
		{F5E937B6-1BA0-4446-B94B-F3BBDEF908F4}.ReleaseANGLE|ARM64.ActiveCfg = ReleaseANGLE|ARM64
		{F5E937B6-1BA0-4446-B94B-F3BBDEF908F4}.ReleaseANGLE|ARM64.Build.0 = ReleaseANGLE|ARM64
		{F5E937B6-1BA0-4446-B94B-F3BBDEF908F4}.ReleaseANGLE|ARM64.Deploy.0 = ReleaseANGLE|ARM64
		{F5E937B6-1BA0-4446-B94B-F3BBDEF908F4}.ReleaseANGLE|x64.ActiveCfg = ReleaseANGLE|x64
		{F5E937B6-1BA0-4446-B94B-F3BBDEF908F4}.ReleaseANGLE|x64.Build.0 = ReleaseANGLE|x64
		{F5E937B6-1BA0-4446-B94B-F3BBDEF908F4}.ReleaseANGLE|x64.Deploy.0 = ReleaseANGLE|x64
		{F5E937B6-1BA0-4446-B94B-F3BBDEF908F4}.ReleaseANGLE|x86.ActiveCfg = ReleaseANGLE|Win32
		{F5E937B6-1BA0-4446-B94B-F3BBDEF908F4}.ReleaseANGLE|x86.Build.0 = ReleaseANGLE|Win32
		{F5E937B6-1BA0-4446-B94B-F3BBDEF908F4}.ReleaseANGLE|x86.Deploy.0 = ReleaseANGLE|Win32
	EndGlobalSection
	GlobalSection(SolutionProperties) = preSolution
		HideSolutionNode = FALSE
	EndGlobalSection
	GlobalSection(ExtensibilityGlobals) = postSolution
		SolutionGuid = {2A811B94-2232-4C4E-A88E-33B0CDF139A2}
	EndGlobalSection
EndGlobal
